// !$*UTF8*$!
{
	archiveVersion = 1;
	classes = {
	};
	objectVersion = 48;
	objects = {

/* Begin PBXBuildFile section */
		BF2BD626206C08E20062CACF /* RedditTests.swift in Sources */ = {isa = PBXBuildFile; fileRef = BF2BD625206C08E20062CACF /* RedditTests.swift */; };
		BF2BD631206C08E20062CACF /* RedditUITests.swift in Sources */ = {isa = PBXBuildFile; fileRef = BF2BD630206C08E20062CACF /* RedditUITests.swift */; };
		BF355A99206CC25400151E13 /* Assets.xcassets in Resources */ = {isa = PBXBuildFile; fileRef = BF355A98206CC25400151E13 /* Assets.xcassets */; };
		BF355AAD206CC25C00151E13 /* Top.swift in Sources */ = {isa = PBXBuildFile; fileRef = BF355A9C206CC25C00151E13 /* Top.swift */; };
		BF355AAE206CC25C00151E13 /* LaunchScreen.storyboard in Resources */ = {isa = PBXBuildFile; fileRef = BF355A9E206CC25C00151E13 /* LaunchScreen.storyboard */; };
		BF355AAF206CC25C00151E13 /* Main.storyboard in Resources */ = {isa = PBXBuildFile; fileRef = BF355AA0206CC25C00151E13 /* Main.storyboard */; };
		BF355AB0206CC25C00151E13 /* RedditController.swift in Sources */ = {isa = PBXBuildFile; fileRef = BF355AA3206CC25C00151E13 /* RedditController.swift */; };
		BF355AB1206CC25C00151E13 /* RedditService.swift in Sources */ = {isa = PBXBuildFile; fileRef = BF355AA5206CC25C00151E13 /* RedditService.swift */; };
		BF355AB2206CC25C00151E13 /* API.swift in Sources */ = {isa = PBXBuildFile; fileRef = BF355AA6206CC25C00151E13 /* API.swift */; };
		BF355AB3206CC25C00151E13 /* AppDelegate.swift in Sources */ = {isa = PBXBuildFile; fileRef = BF355AA7206CC25C00151E13 /* AppDelegate.swift */; };
		BF355AB4206CC25C00151E13 /* APIRequest.swift in Sources */ = {isa = PBXBuildFile; fileRef = BF355AA8206CC25C00151E13 /* APIRequest.swift */; };
		BF355AB5206CC25C00151E13 /* RedditViewController.swift in Sources */ = {isa = PBXBuildFile; fileRef = BF355AAB206CC25C00151E13 /* RedditViewController.swift */; };
		BF355AB7206CC4CD00151E13 /* RedditAPI.swift in Sources */ = {isa = PBXBuildFile; fileRef = BF355AB6206CC4CD00151E13 /* RedditAPI.swift */; };
		BF355AB9206CD6A400151E13 /* Children.swift in Sources */ = {isa = PBXBuildFile; fileRef = BF355AB8206CD6A400151E13 /* Children.swift */; };
		BF355ABC206CD97500151E13 /* UIViewController+presentAlert.swift in Sources */ = {isa = PBXBuildFile; fileRef = BF355ABB206CD97500151E13 /* UIViewController+presentAlert.swift */; };
		BF355ABE206D5C1F00151E13 /* CardView.swift in Sources */ = {isa = PBXBuildFile; fileRef = BF355ABD206D5C1F00151E13 /* CardView.swift */; };
		BF355AC0206D5D0900151E13 /* UIView+Shadow.swift in Sources */ = {isa = PBXBuildFile; fileRef = BF355ABF206D5D0900151E13 /* UIView+Shadow.swift */; };
		BF355AC3206D61E300151E13 /* RedditTopListTableViewCell.swift in Sources */ = {isa = PBXBuildFile; fileRef = BF355AC2206D61E300151E13 /* RedditTopListTableViewCell.swift */; };
/* End PBXBuildFile section */

/* Begin PBXContainerItemProxy section */
		BF2BD622206C08E20062CACF /* PBXContainerItemProxy */ = {
			isa = PBXContainerItemProxy;
			containerPortal = BF2BD605206C08E20062CACF /* Project object */;
			proxyType = 1;
			remoteGlobalIDString = BF2BD60C206C08E20062CACF;
			remoteInfo = Reddit;
		};
		BF2BD62D206C08E20062CACF /* PBXContainerItemProxy */ = {
			isa = PBXContainerItemProxy;
			containerPortal = BF2BD605206C08E20062CACF /* Project object */;
			proxyType = 1;
			remoteGlobalIDString = BF2BD60C206C08E20062CACF;
			remoteInfo = Reddit;
		};
/* End PBXContainerItemProxy section */

/* Begin PBXFileReference section */
		BF2BD60D206C08E20062CACF /* Reddit.app */ = {isa = PBXFileReference; explicitFileType = wrapper.application; includeInIndex = 0; path = Reddit.app; sourceTree = BUILT_PRODUCTS_DIR; };
		BF2BD61C206C08E20062CACF /* Info.plist */ = {isa = PBXFileReference; lastKnownFileType = text.plist.xml; path = Info.plist; sourceTree = "<group>"; };
		BF2BD621206C08E20062CACF /* RedditTests.xctest */ = {isa = PBXFileReference; explicitFileType = wrapper.cfbundle; includeInIndex = 0; path = RedditTests.xctest; sourceTree = BUILT_PRODUCTS_DIR; };
		BF2BD625206C08E20062CACF /* RedditTests.swift */ = {isa = PBXFileReference; lastKnownFileType = sourcecode.swift; path = RedditTests.swift; sourceTree = "<group>"; };
		BF2BD627206C08E20062CACF /* Info.plist */ = {isa = PBXFileReference; lastKnownFileType = text.plist.xml; path = Info.plist; sourceTree = "<group>"; };
		BF2BD62C206C08E20062CACF /* RedditUITests.xctest */ = {isa = PBXFileReference; explicitFileType = wrapper.cfbundle; includeInIndex = 0; path = RedditUITests.xctest; sourceTree = BUILT_PRODUCTS_DIR; };
		BF2BD630206C08E20062CACF /* RedditUITests.swift */ = {isa = PBXFileReference; lastKnownFileType = sourcecode.swift; path = RedditUITests.swift; sourceTree = "<group>"; };
		BF2BD632206C08E20062CACF /* Info.plist */ = {isa = PBXFileReference; lastKnownFileType = text.plist.xml; path = Info.plist; sourceTree = "<group>"; };
		BF355A98206CC25400151E13 /* Assets.xcassets */ = {isa = PBXFileReference; lastKnownFileType = folder.assetcatalog; path = Assets.xcassets; sourceTree = "<group>"; };
		BF355A9C206CC25C00151E13 /* Top.swift */ = {isa = PBXFileReference; fileEncoding = 4; lastKnownFileType = sourcecode.swift; path = Top.swift; sourceTree = "<group>"; };
		BF355A9F206CC25C00151E13 /* Base */ = {isa = PBXFileReference; lastKnownFileType = file.storyboard; name = Base; path = Base.lproj/LaunchScreen.storyboard; sourceTree = "<group>"; };
		BF355AA1206CC25C00151E13 /* Base */ = {isa = PBXFileReference; lastKnownFileType = file.storyboard; name = Base; path = Base.lproj/Main.storyboard; sourceTree = "<group>"; };
		BF355AA3206CC25C00151E13 /* RedditController.swift */ = {isa = PBXFileReference; fileEncoding = 4; lastKnownFileType = sourcecode.swift; path = RedditController.swift; sourceTree = "<group>"; };
		BF355AA5206CC25C00151E13 /* RedditService.swift */ = {isa = PBXFileReference; fileEncoding = 4; lastKnownFileType = sourcecode.swift; path = RedditService.swift; sourceTree = "<group>"; };
		BF355AA6206CC25C00151E13 /* API.swift */ = {isa = PBXFileReference; fileEncoding = 4; lastKnownFileType = sourcecode.swift; path = API.swift; sourceTree = "<group>"; };
		BF355AA7206CC25C00151E13 /* AppDelegate.swift */ = {isa = PBXFileReference; fileEncoding = 4; lastKnownFileType = sourcecode.swift; path = AppDelegate.swift; sourceTree = "<group>"; };
		BF355AA8206CC25C00151E13 /* APIRequest.swift */ = {isa = PBXFileReference; fileEncoding = 4; lastKnownFileType = sourcecode.swift; path = APIRequest.swift; sourceTree = "<group>"; };
		BF355AAB206CC25C00151E13 /* RedditViewController.swift */ = {isa = PBXFileReference; fileEncoding = 4; lastKnownFileType = sourcecode.swift; path = RedditViewController.swift; sourceTree = "<group>"; };
		BF355AB6206CC4CD00151E13 /* RedditAPI.swift */ = {isa = PBXFileReference; lastKnownFileType = sourcecode.swift; path = RedditAPI.swift; sourceTree = "<group>"; };
		BF355AB8206CD6A400151E13 /* Children.swift */ = {isa = PBXFileReference; lastKnownFileType = sourcecode.swift; path = Children.swift; sourceTree = "<group>"; };
		BF355ABB206CD97500151E13 /* UIViewController+presentAlert.swift */ = {isa = PBXFileReference; lastKnownFileType = sourcecode.swift; path = "UIViewController+presentAlert.swift"; sourceTree = "<group>"; };
		BF355ABD206D5C1F00151E13 /* CardView.swift */ = {isa = PBXFileReference; lastKnownFileType = sourcecode.swift; path = CardView.swift; sourceTree = "<group>"; };
		BF355ABF206D5D0900151E13 /* UIView+Shadow.swift */ = {isa = PBXFileReference; lastKnownFileType = sourcecode.swift; path = "UIView+Shadow.swift"; sourceTree = "<group>"; };
		BF355AC2206D61E300151E13 /* RedditTopListTableViewCell.swift */ = {isa = PBXFileReference; lastKnownFileType = sourcecode.swift; path = RedditTopListTableViewCell.swift; sourceTree = "<group>"; };
/* End PBXFileReference section */

/* Begin PBXFrameworksBuildPhase section */
		BF2BD60A206C08E20062CACF /* Frameworks */ = {
			isa = PBXFrameworksBuildPhase;
			buildActionMask = 2147483647;
			files = (
			);
			runOnlyForDeploymentPostprocessing = 0;
		};
		BF2BD61E206C08E20062CACF /* Frameworks */ = {
			isa = PBXFrameworksBuildPhase;
			buildActionMask = 2147483647;
			files = (
			);
			runOnlyForDeploymentPostprocessing = 0;
		};
		BF2BD629206C08E20062CACF /* Frameworks */ = {
			isa = PBXFrameworksBuildPhase;
			buildActionMask = 2147483647;
			files = (
			);
			runOnlyForDeploymentPostprocessing = 0;
		};
/* End PBXFrameworksBuildPhase section */

/* Begin PBXGroup section */
		BF2BD604206C08E20062CACF = {
			isa = PBXGroup;
			children = (
				BF2BD60F206C08E20062CACF /* Reddit */,
				BF2BD624206C08E20062CACF /* RedditTests */,
				BF2BD62F206C08E20062CACF /* RedditUITests */,
				BF2BD60E206C08E20062CACF /* Products */,
			);
			sourceTree = "<group>";
		};
		BF2BD60E206C08E20062CACF /* Products */ = {
			isa = PBXGroup;
			children = (
				BF2BD60D206C08E20062CACF /* Reddit.app */,
				BF2BD621206C08E20062CACF /* RedditTests.xctest */,
				BF2BD62C206C08E20062CACF /* RedditUITests.xctest */,
			);
			name = Products;
			sourceTree = "<group>";
		};
		BF2BD60F206C08E20062CACF /* Reddit */ = {
			isa = PBXGroup;
			children = (
				BF355A9A206CC25C00151E13 /* Source */,
				BF355A97206CC25400151E13 /* Resources */,
				BF2BD61C206C08E20062CACF /* Info.plist */,
			);
			path = Reddit;
			sourceTree = "<group>";
		};
		BF2BD624206C08E20062CACF /* RedditTests */ = {
			isa = PBXGroup;
			children = (
				BF2BD625206C08E20062CACF /* RedditTests.swift */,
				BF2BD627206C08E20062CACF /* Info.plist */,
			);
			path = RedditTests;
			sourceTree = "<group>";
		};
		BF2BD62F206C08E20062CACF /* RedditUITests */ = {
			isa = PBXGroup;
			children = (
				BF2BD630206C08E20062CACF /* RedditUITests.swift */,
				BF2BD632206C08E20062CACF /* Info.plist */,
			);
			path = RedditUITests;
			sourceTree = "<group>";
		};
		BF355A97206CC25400151E13 /* Resources */ = {
			isa = PBXGroup;
			children = (
				BF355A98206CC25400151E13 /* Assets.xcassets */,
			);
			path = Resources;
			sourceTree = "<group>";
		};
		BF355A9A206CC25C00151E13 /* Source */ = {
			isa = PBXGroup;
			children = (
				BF355AAC206CC25C00151E13 /* Views */,
				BF355AAA206CC25C00151E13 /* ViewControllers */,
				BF355AA2206CC25C00151E13 /* DataModelControllers */,
				BF355A9B206CC25C00151E13 /* DataModels */,
				BF355A9D206CC25C00151E13 /* Storyboard */,
				BF355AA4206CC25C00151E13 /* Common */,
			);
			path = Source;
			sourceTree = "<group>";
		};
		BF355A9B206CC25C00151E13 /* DataModels */ = {
			isa = PBXGroup;
			children = (
				BF355A9C206CC25C00151E13 /* Top.swift */,
				BF355AB8206CD6A400151E13 /* Children.swift */,
			);
			path = DataModels;
			sourceTree = "<group>";
		};
		BF355A9D206CC25C00151E13 /* Storyboard */ = {
			isa = PBXGroup;
			children = (
				BF355A9E206CC25C00151E13 /* LaunchScreen.storyboard */,
				BF355AA0206CC25C00151E13 /* Main.storyboard */,
			);
			path = Storyboard;
			sourceTree = "<group>";
		};
		BF355AA2206CC25C00151E13 /* DataModelControllers */ = {
			isa = PBXGroup;
			children = (
				BF355AA3206CC25C00151E13 /* RedditController.swift */,
			);
			path = DataModelControllers;
			sourceTree = "<group>";
		};
		BF355AA4206CC25C00151E13 /* Common */ = {
			isa = PBXGroup;
			children = (
				BF355AA7206CC25C00151E13 /* AppDelegate.swift */,
				BF355ABD206D5C1F00151E13 /* CardView.swift */,
				BF355ABA206CD94B00151E13 /* Foundation Extension */,
				BF355AA9206CC25C00151E13 /* Services */,
			);
			path = Common;
			sourceTree = "<group>";
		};
		BF355AA9206CC25C00151E13 /* Services */ = {
			isa = PBXGroup;
			children = (
				BF355AA6206CC25C00151E13 /* API.swift */,
				BF355AA8206CC25C00151E13 /* APIRequest.swift */,
				BF355AB6206CC4CD00151E13 /* RedditAPI.swift */,
				BF355AA5206CC25C00151E13 /* RedditService.swift */,
			);
			path = Services;
			sourceTree = "<group>";
		};
		BF355AAA206CC25C00151E13 /* ViewControllers */ = {
			isa = PBXGroup;
			children = (
				BF355AAB206CC25C00151E13 /* RedditViewController.swift */,
			);
			path = ViewControllers;
			sourceTree = "<group>";
		};
		BF355AAC206CC25C00151E13 /* Views */ = {
			isa = PBXGroup;
			children = (
				BF355AC1206D61B300151E13 /* TableViewCells */,
			);
			path = Views;
			sourceTree = "<group>";
		};
		BF355ABA206CD94B00151E13 /* Foundation Extension */ = {
			isa = PBXGroup;
			children = (
				BF355ABB206CD97500151E13 /* UIViewController+presentAlert.swift */,
				BF355ABF206D5D0900151E13 /* UIView+Shadow.swift */,
			);
			path = "Foundation Extension";
			sourceTree = "<group>";
		};
		BF355AC1206D61B300151E13 /* TableViewCells */ = {
			isa = PBXGroup;
			children = (
				BF355AC2206D61E300151E13 /* RedditTopListTableViewCell.swift */,
			);
			path = TableViewCells;
			sourceTree = "<group>";
		};
/* End PBXGroup section */

/* Begin PBXNativeTarget section */
		BF2BD60C206C08E20062CACF /* Reddit */ = {
			isa = PBXNativeTarget;
			buildConfigurationList = BF2BD635206C08E20062CACF /* Build configuration list for PBXNativeTarget "Reddit" */;
			buildPhases = (
				BF2BD609206C08E20062CACF /* Sources */,
				BF2BD60A206C08E20062CACF /* Frameworks */,
				BF2BD60B206C08E20062CACF /* Resources */,
			);
			buildRules = (
			);
			dependencies = (
			);
			name = Reddit;
			productName = Reddit;
			productReference = BF2BD60D206C08E20062CACF /* Reddit.app */;
			productType = "com.apple.product-type.application";
		};
		BF2BD620206C08E20062CACF /* RedditTests */ = {
			isa = PBXNativeTarget;
			buildConfigurationList = BF2BD638206C08E20062CACF /* Build configuration list for PBXNativeTarget "RedditTests" */;
			buildPhases = (
				BF2BD61D206C08E20062CACF /* Sources */,
				BF2BD61E206C08E20062CACF /* Frameworks */,
				BF2BD61F206C08E20062CACF /* Resources */,
			);
			buildRules = (
			);
			dependencies = (
				BF2BD623206C08E20062CACF /* PBXTargetDependency */,
			);
			name = RedditTests;
			productName = RedditTests;
			productReference = BF2BD621206C08E20062CACF /* RedditTests.xctest */;
			productType = "com.apple.product-type.bundle.unit-test";
		};
		BF2BD62B206C08E20062CACF /* RedditUITests */ = {
			isa = PBXNativeTarget;
			buildConfigurationList = BF2BD63B206C08E20062CACF /* Build configuration list for PBXNativeTarget "RedditUITests" */;
			buildPhases = (
				BF2BD628206C08E20062CACF /* Sources */,
				BF2BD629206C08E20062CACF /* Frameworks */,
				BF2BD62A206C08E20062CACF /* Resources */,
			);
			buildRules = (
			);
			dependencies = (
				BF2BD62E206C08E20062CACF /* PBXTargetDependency */,
			);
			name = RedditUITests;
			productName = RedditUITests;
			productReference = BF2BD62C206C08E20062CACF /* RedditUITests.xctest */;
			productType = "com.apple.product-type.bundle.ui-testing";
		};
/* End PBXNativeTarget section */

/* Begin PBXProject section */
		BF2BD605206C08E20062CACF /* Project object */ = {
			isa = PBXProject;
			attributes = {
				LastSwiftUpdateCheck = 0920;
				LastUpgradeCheck = 0920;
				ORGANIZATIONNAME = "Joey Wei";
				TargetAttributes = {
					BF2BD60C206C08E20062CACF = {
						CreatedOnToolsVersion = 9.2;
						ProvisioningStyle = Automatic;
					};
					BF2BD620206C08E20062CACF = {
						CreatedOnToolsVersion = 9.2;
						ProvisioningStyle = Automatic;
						TestTargetID = BF2BD60C206C08E20062CACF;
					};
					BF2BD62B206C08E20062CACF = {
						CreatedOnToolsVersion = 9.2;
						ProvisioningStyle = Automatic;
						TestTargetID = BF2BD60C206C08E20062CACF;
					};
				};
			};
			buildConfigurationList = BF2BD608206C08E20062CACF /* Build configuration list for PBXProject "Reddit" */;
			compatibilityVersion = "Xcode 8.0";
			developmentRegion = en;
			hasScannedForEncodings = 0;
			knownRegions = (
				en,
				Base,
			);
			mainGroup = BF2BD604206C08E20062CACF;
			productRefGroup = BF2BD60E206C08E20062CACF /* Products */;
			projectDirPath = "";
			projectRoot = "";
			targets = (
				BF2BD60C206C08E20062CACF /* Reddit */,
				BF2BD620206C08E20062CACF /* RedditTests */,
				BF2BD62B206C08E20062CACF /* RedditUITests */,
			);
		};
/* End PBXProject section */

/* Begin PBXResourcesBuildPhase section */
		BF2BD60B206C08E20062CACF /* Resources */ = {
			isa = PBXResourcesBuildPhase;
			buildActionMask = 2147483647;
			files = (
				BF355A99206CC25400151E13 /* Assets.xcassets in Resources */,
				BF355AAF206CC25C00151E13 /* Main.storyboard in Resources */,
				BF355AAE206CC25C00151E13 /* LaunchScreen.storyboard in Resources */,
			);
			runOnlyForDeploymentPostprocessing = 0;
		};
		BF2BD61F206C08E20062CACF /* Resources */ = {
			isa = PBXResourcesBuildPhase;
			buildActionMask = 2147483647;
			files = (
			);
			runOnlyForDeploymentPostprocessing = 0;
		};
		BF2BD62A206C08E20062CACF /* Resources */ = {
			isa = PBXResourcesBuildPhase;
			buildActionMask = 2147483647;
			files = (
			);
			runOnlyForDeploymentPostprocessing = 0;
		};
/* End PBXResourcesBuildPhase section */

/* Begin PBXSourcesBuildPhase section */
		BF2BD609206C08E20062CACF /* Sources */ = {
			isa = PBXSourcesBuildPhase;
			buildActionMask = 2147483647;
			files = (
				BF355AB7206CC4CD00151E13 /* RedditAPI.swift in Sources */,
				BF355ABC206CD97500151E13 /* UIViewController+presentAlert.swift in Sources */,
				BF355AAD206CC25C00151E13 /* Top.swift in Sources */,
				BF355AB1206CC25C00151E13 /* RedditService.swift in Sources */,
				BF355AC0206D5D0900151E13 /* UIView+Shadow.swift in Sources */,
				BF355AC3206D61E300151E13 /* RedditTopListTableViewCell.swift in Sources */,
				BF355AB9206CD6A400151E13 /* Children.swift in Sources */,
				BF355AB0206CC25C00151E13 /* RedditController.swift in Sources */,
				BF355AB5206CC25C00151E13 /* RedditViewController.swift in Sources */,
				BF355AB3206CC25C00151E13 /* AppDelegate.swift in Sources */,
				BF355AB2206CC25C00151E13 /* API.swift in Sources */,
				BF355ABE206D5C1F00151E13 /* CardView.swift in Sources */,
				BF355AB4206CC25C00151E13 /* APIRequest.swift in Sources */,
			);
			runOnlyForDeploymentPostprocessing = 0;
		};
		BF2BD61D206C08E20062CACF /* Sources */ = {
			isa = PBXSourcesBuildPhase;
			buildActionMask = 2147483647;
			files = (
				BF2BD626206C08E20062CACF /* RedditTests.swift in Sources */,
			);
			runOnlyForDeploymentPostprocessing = 0;
		};
		BF2BD628206C08E20062CACF /* Sources */ = {
			isa = PBXSourcesBuildPhase;
			buildActionMask = 2147483647;
			files = (
				BF2BD631206C08E20062CACF /* RedditUITests.swift in Sources */,
			);
			runOnlyForDeploymentPostprocessing = 0;
		};
/* End PBXSourcesBuildPhase section */

/* Begin PBXTargetDependency section */
		BF2BD623206C08E20062CACF /* PBXTargetDependency */ = {
			isa = PBXTargetDependency;
			target = BF2BD60C206C08E20062CACF /* Reddit */;
			targetProxy = BF2BD622206C08E20062CACF /* PBXContainerItemProxy */;
		};
		BF2BD62E206C08E20062CACF /* PBXTargetDependency */ = {
			isa = PBXTargetDependency;
			target = BF2BD60C206C08E20062CACF /* Reddit */;
			targetProxy = BF2BD62D206C08E20062CACF /* PBXContainerItemProxy */;
		};
/* End PBXTargetDependency section */

/* Begin PBXVariantGroup section */
		BF355A9E206CC25C00151E13 /* LaunchScreen.storyboard */ = {
			isa = PBXVariantGroup;
			children = (
				BF355A9F206CC25C00151E13 /* Base */,
			);
			name = LaunchScreen.storyboard;
			sourceTree = "<group>";
		};
		BF355AA0206CC25C00151E13 /* Main.storyboard */ = {
			isa = PBXVariantGroup;
			children = (
				BF355AA1206CC25C00151E13 /* Base */,
			);
			name = Main.storyboard;
			sourceTree = "<group>";
		};
/* End PBXVariantGroup section */

/* Begin XCBuildConfiguration section */
		BF2BD633206C08E20062CACF /* Debug */ = {
			isa = XCBuildConfiguration;
			buildSettings = {
				ALWAYS_SEARCH_USER_PATHS = NO;
				CLANG_ANALYZER_NONNULL = YES;
				CLANG_ANALYZER_NUMBER_OBJECT_CONVERSION = YES_AGGRESSIVE;
				CLANG_CXX_LANGUAGE_STANDARD = "gnu++14";
				CLANG_CXX_LIBRARY = "libc++";
				CLANG_ENABLE_MODULES = YES;
				CLANG_ENABLE_OBJC_ARC = YES;
				CLANG_WARN_BLOCK_CAPTURE_AUTORELEASING = YES;
				CLANG_WARN_BOOL_CONVERSION = YES;
				CLANG_WARN_COMMA = YES;
				CLANG_WARN_CONSTANT_CONVERSION = YES;
				CLANG_WARN_DIRECT_OBJC_ISA_USAGE = YES_ERROR;
				CLANG_WARN_DOCUMENTATION_COMMENTS = YES;
				CLANG_WARN_EMPTY_BODY = YES;
				CLANG_WARN_ENUM_CONVERSION = YES;
				CLANG_WARN_INFINITE_RECURSION = YES;
				CLANG_WARN_INT_CONVERSION = YES;
				CLANG_WARN_NON_LITERAL_NULL_CONVERSION = YES;
				CLANG_WARN_OBJC_LITERAL_CONVERSION = YES;
				CLANG_WARN_OBJC_ROOT_CLASS = YES_ERROR;
				CLANG_WARN_RANGE_LOOP_ANALYSIS = YES;
				CLANG_WARN_STRICT_PROTOTYPES = YES;
				CLANG_WARN_SUSPICIOUS_MOVE = YES;
				CLANG_WARN_UNGUARDED_AVAILABILITY = YES_AGGRESSIVE;
				CLANG_WARN_UNREACHABLE_CODE = YES;
				CLANG_WARN__DUPLICATE_METHOD_MATCH = YES;
				CODE_SIGN_IDENTITY = "iPhone Developer";
				COPY_PHASE_STRIP = NO;
				DEBUG_INFORMATION_FORMAT = dwarf;
				ENABLE_STRICT_OBJC_MSGSEND = YES;
				ENABLE_TESTABILITY = YES;
				GCC_C_LANGUAGE_STANDARD = gnu11;
				GCC_DYNAMIC_NO_PIC = NO;
				GCC_NO_COMMON_BLOCKS = YES;
				GCC_OPTIMIZATION_LEVEL = 0;
				GCC_PREPROCESSOR_DEFINITIONS = (
					"DEBUG=1",
					"$(inherited)",
				);
				GCC_WARN_64_TO_32_BIT_CONVERSION = YES;
				GCC_WARN_ABOUT_RETURN_TYPE = YES_ERROR;
				GCC_WARN_UNDECLARED_SELECTOR = YES;
				GCC_WARN_UNINITIALIZED_AUTOS = YES_AGGRESSIVE;
				GCC_WARN_UNUSED_FUNCTION = YES;
				GCC_WARN_UNUSED_VARIABLE = YES;
				IPHONEOS_DEPLOYMENT_TARGET = 11.2;
				MTL_ENABLE_DEBUG_INFO = YES;
				ONLY_ACTIVE_ARCH = YES;
				SDKROOT = iphoneos;
				SWIFT_ACTIVE_COMPILATION_CONDITIONS = DEBUG;
				SWIFT_OPTIMIZATION_LEVEL = "-Onone";
			};
			name = Debug;
		};
		BF2BD634206C08E20062CACF /* Release */ = {
			isa = XCBuildConfiguration;
			buildSettings = {
				ALWAYS_SEARCH_USER_PATHS = NO;
				CLANG_ANALYZER_NONNULL = YES;
				CLANG_ANALYZER_NUMBER_OBJECT_CONVERSION = YES_AGGRESSIVE;
				CLANG_CXX_LANGUAGE_STANDARD = "gnu++14";
				CLANG_CXX_LIBRARY = "libc++";
				CLANG_ENABLE_MODULES = YES;
				CLANG_ENABLE_OBJC_ARC = YES;
				CLANG_WARN_BLOCK_CAPTURE_AUTORELEASING = YES;
				CLANG_WARN_BOOL_CONVERSION = YES;
				CLANG_WARN_COMMA = YES;
				CLANG_WARN_CONSTANT_CONVERSION = YES;
				CLANG_WARN_DIRECT_OBJC_ISA_USAGE = YES_ERROR;
				CLANG_WARN_DOCUMENTATION_COMMENTS = YES;
				CLANG_WARN_EMPTY_BODY = YES;
				CLANG_WARN_ENUM_CONVERSION = YES;
				CLANG_WARN_INFINITE_RECURSION = YES;
				CLANG_WARN_INT_CONVERSION = YES;
				CLANG_WARN_NON_LITERAL_NULL_CONVERSION = YES;
				CLANG_WARN_OBJC_LITERAL_CONVERSION = YES;
				CLANG_WARN_OBJC_ROOT_CLASS = YES_ERROR;
				CLANG_WARN_RANGE_LOOP_ANALYSIS = YES;
				CLANG_WARN_STRICT_PROTOTYPES = YES;
				CLANG_WARN_SUSPICIOUS_MOVE = YES;
				CLANG_WARN_UNGUARDED_AVAILABILITY = YES_AGGRESSIVE;
				CLANG_WARN_UNREACHABLE_CODE = YES;
				CLANG_WARN__DUPLICATE_METHOD_MATCH = YES;
				CODE_SIGN_IDENTITY = "iPhone Developer";
				COPY_PHASE_STRIP = NO;
				DEBUG_INFORMATION_FORMAT = "dwarf-with-dsym";
				ENABLE_NS_ASSERTIONS = NO;
				ENABLE_STRICT_OBJC_MSGSEND = YES;
				GCC_C_LANGUAGE_STANDARD = gnu11;
				GCC_NO_COMMON_BLOCKS = YES;
				GCC_WARN_64_TO_32_BIT_CONVERSION = YES;
				GCC_WARN_ABOUT_RETURN_TYPE = YES_ERROR;
				GCC_WARN_UNDECLARED_SELECTOR = YES;
				GCC_WARN_UNINITIALIZED_AUTOS = YES_AGGRESSIVE;
				GCC_WARN_UNUSED_FUNCTION = YES;
				GCC_WARN_UNUSED_VARIABLE = YES;
				IPHONEOS_DEPLOYMENT_TARGET = 11.2;
				MTL_ENABLE_DEBUG_INFO = NO;
				SDKROOT = iphoneos;
				SWIFT_OPTIMIZATION_LEVEL = "-Owholemodule";
				VALIDATE_PRODUCT = YES;
			};
			name = Release;
		};
		BF2BD636206C08E20062CACF /* Debug */ = {
			isa = XCBuildConfiguration;
			buildSettings = {
				ASSETCATALOG_COMPILER_APPICON_NAME = AppIcon;
				CODE_SIGN_STYLE = Automatic;
				DEVELOPMENT_TEAM = FXEHF25S78;
				INFOPLIST_FILE = Reddit/Info.plist;
				LD_RUNPATH_SEARCH_PATHS = "$(inherited) @executable_path/Frameworks";
				PRODUCT_BUNDLE_IDENTIFIER = com.joeyfulwei.Reddit;
				PRODUCT_NAME = "$(TARGET_NAME)";
				SWIFT_VERSION = 4.0;
				TARGETED_DEVICE_FAMILY = "1,2";
			};
			name = Debug;
		};
		BF2BD637206C08E20062CACF /* Release */ = {
			isa = XCBuildConfiguration;
			buildSettings = {
				ASSETCATALOG_COMPILER_APPICON_NAME = AppIcon;
				CODE_SIGN_STYLE = Automatic;
				DEVELOPMENT_TEAM = FXEHF25S78;
				INFOPLIST_FILE = Reddit/Info.plist;
				LD_RUNPATH_SEARCH_PATHS = "$(inherited) @executable_path/Frameworks";
				PRODUCT_BUNDLE_IDENTIFIER = com.joeyfulwei.Reddit;
				PRODUCT_NAME = "$(TARGET_NAME)";
				SWIFT_VERSION = 4.0;
				TARGETED_DEVICE_FAMILY = "1,2";
			};
			name = Release;
		};
		BF2BD639206C08E20062CACF /* Debug */ = {
			isa = XCBuildConfiguration;
			buildSettings = {
				ALWAYS_EMBED_SWIFT_STANDARD_LIBRARIES = YES;
				BUNDLE_LOADER = "$(TEST_HOST)";
				CODE_SIGN_STYLE = Automatic;
				DEVELOPMENT_TEAM = FXEHF25S78;
				INFOPLIST_FILE = RedditTests/Info.plist;
				LD_RUNPATH_SEARCH_PATHS = "$(inherited) @executable_path/Frameworks @loader_path/Frameworks";
				PRODUCT_BUNDLE_IDENTIFIER = com.joeyfulwei.RedditTests;
				PRODUCT_NAME = "$(TARGET_NAME)";
				SWIFT_VERSION = 4.0;
				TARGETED_DEVICE_FAMILY = "1,2";
				TEST_HOST = "$(BUILT_PRODUCTS_DIR)/Reddit.app/Reddit";
			};
			name = Debug;
		};
		BF2BD63A206C08E20062CACF /* Release */ = {
			isa = XCBuildConfiguration;
			buildSettings = {
				ALWAYS_EMBED_SWIFT_STANDARD_LIBRARIES = YES;
				BUNDLE_LOADER = "$(TEST_HOST)";
				CODE_SIGN_STYLE = Automatic;
				DEVELOPMENT_TEAM = FXEHF25S78;
				INFOPLIST_FILE = RedditTests/Info.plist;
				LD_RUNPATH_SEARCH_PATHS = "$(inherited) @executable_path/Frameworks @loader_path/Frameworks";
				PRODUCT_BUNDLE_IDENTIFIER = com.joeyfulwei.RedditTests;
				PRODUCT_NAME = "$(TARGET_NAME)";
				SWIFT_VERSION = 4.0;
				TARGETED_DEVICE_FAMILY = "1,2";
				TEST_HOST = "$(BUILT_PRODUCTS_DIR)/Reddit.app/Reddit";
			};
			name = Release;
		};
		BF2BD63C206C08E20062CACF /* Debug */ = {
			isa = XCBuildConfiguration;
			buildSettings = {
				ALWAYS_EMBED_SWIFT_STANDARD_LIBRARIES = YES;
				CODE_SIGN_STYLE = Automatic;
				DEVELOPMENT_TEAM = FXEHF25S78;
				INFOPLIST_FILE = RedditUITests/Info.plist;
				LD_RUNPATH_SEARCH_PATHS = "$(inherited) @executable_path/Frameworks @loader_path/Frameworks";
				PRODUCT_BUNDLE_IDENTIFIER = com.joeyfulwei.RedditUITests;
				PRODUCT_NAME = "$(TARGET_NAME)";
				SWIFT_VERSION = 4.0;
				TARGETED_DEVICE_FAMILY = "1,2";
				TEST_TARGET_NAME = Reddit;
			};
			name = Debug;
		};
		BF2BD63D206C08E20062CACF /* Release */ = {
			isa = XCBuildConfiguration;
			buildSettings = {
				ALWAYS_EMBED_SWIFT_STANDARD_LIBRARIES = YES;
				CODE_SIGN_STYLE = Automatic;
				DEVELOPMENT_TEAM = FXEHF25S78;
				INFOPLIST_FILE = RedditUITests/Info.plist;
				LD_RUNPATH_SEARCH_PATHS = "$(inherited) @executable_path/Frameworks @loader_path/Frameworks";
				PRODUCT_BUNDLE_IDENTIFIER = com.joeyfulwei.RedditUITests;
				PRODUCT_NAME = "$(TARGET_NAME)";
				SWIFT_VERSION = 4.0;
				TARGETED_DEVICE_FAMILY = "1,2";
				TEST_TARGET_NAME = Reddit;
			};
			name = Release;
		};
/* End XCBuildConfiguration section */

/* Begin XCConfigurationList section */
		BF2BD608206C08E20062CACF /* Build configuration list for PBXProject "Reddit" */ = {
			isa = XCConfigurationList;
			buildConfigurations = (
				BF2BD633206C08E20062CACF /* Debug */,
				BF2BD634206C08E20062CACF /* Release */,
			);
			defaultConfigurationIsVisible = 0;
			defaultConfigurationName = Release;
		};
		BF2BD635206C08E20062CACF /* Build configuration list for PBXNativeTarget "Reddit" */ = {
			isa = XCConfigurationList;
			buildConfigurations = (
				BF2BD636206C08E20062CACF /* Debug */,
				BF2BD637206C08E20062CACF /* Release */,
			);
			defaultConfigurationIsVisible = 0;
			defaultConfigurationName = Release;
		};
		BF2BD638206C08E20062CACF /* Build configuration list for PBXNativeTarget "RedditTests" */ = {
			isa = XCConfigurationList;
			buildConfigurations = (
				BF2BD639206C08E20062CACF /* Debug */,
				BF2BD63A206C08E20062CACF /* Release */,
			);
			defaultConfigurationIsVisible = 0;
			defaultConfigurationName = Release;
		};
		BF2BD63B206C08E20062CACF /* Build configuration list for PBXNativeTarget "RedditUITests" */ = {
			isa = XCConfigurationList;
			buildConfigurations = (
				BF2BD63C206C08E20062CACF /* Debug */,
				BF2BD63D206C08E20062CACF /* Release */,
			);
			defaultConfigurationIsVisible = 0;
			defaultConfigurationName = Release;
		};
/* End XCConfigurationList section */
	};
	rootObject = BF2BD605206C08E20062CACF /* Project object */;
}
